
Microsoft Visual Studio Solution File, Format Version 11.00
# Visual Studio 2010
Project("{FAE04EC0-301F-11D3-BF4B-00C04F79EFBC}") = "Assembly-CSharp-firstpass", "Assembly-CSharp-firstpass.csproj", "{7A51F78B-7A89-8497-DA1C-1E7474A9B465}"
EndProject
Project("{FAE04EC0-301F-11D3-BF4B-00C04F79EFBC}") = "Assembly-CSharp", "Assembly-CSharp.csproj", "{C24B8606-47B5-23B7-9386-FA146578C616}"
EndProject
Project("{FAE04EC0-301F-11D3-BF4B-00C04F79EFBC}") = "Assembly-CSharp-Editor", "Assembly-CSharp-Editor.csproj", "{96D9B09C-8AED-76B0-D376-ED7050AF9DBF}"
EndProject
Global
	GlobalSection(SolutionConfigurationPlatforms) = preSolution
		Debug|Any CPU = Debug|Any CPU
		Release|Any CPU = Release|Any CPU
	EndGlobalSection
	GlobalSection(ProjectConfigurationPlatforms) = postSolution
		{7A51F78B-7A89-8497-DA1C-1E7474A9B465}.Debug|Any CPU.ActiveCfg = Debug|Any CPU
		{7A51F78B-7A89-8497-DA1C-1E7474A9B465}.Debug|Any CPU.Build.0 = Debug|Any CPU
		{7A51F78B-7A89-8497-DA1C-1E7474A9B465}.Release|Any CPU.ActiveCfg = Release|Any CPU
		{7A51F78B-7A89-8497-DA1C-1E7474A9B465}.Release|Any CPU.Build.0 = Release|Any CPU
		{C24B8606-47B5-23B7-9386-FA146578C616}.Debug|Any CPU.ActiveCfg = Debug|Any CPU
		{C24B8606-47B5-23B7-9386-FA146578C616}.Debug|Any CPU.Build.0 = Debug|Any CPU
		{C24B8606-47B5-23B7-9386-FA146578C616}.Release|Any CPU.ActiveCfg = Release|Any CPU
		{C24B8606-47B5-23B7-9386-FA146578C616}.Release|Any CPU.Build.0 = Release|Any CPU
		{96D9B09C-8AED-76B0-D376-ED7050AF9DBF}.Debug|Any CPU.ActiveCfg = Debug|Any CPU
		{96D9B09C-8AED-76B0-D376-ED7050AF9DBF}.Debug|Any CPU.Build.0 = Debug|Any CPU
		{96D9B09C-8AED-76B0-D376-ED7050AF9DBF}.Release|Any CPU.ActiveCfg = Release|Any CPU
		{96D9B09C-8AED-76B0-D376-ED7050AF9DBF}.Release|Any CPU.Build.0 = Release|Any CPU
	EndGlobalSection
	GlobalSection(SolutionProperties) = preSolution
		HideSolutionNode = FALSE
	EndGlobalSection
	GlobalSection(MonoDevelopProperties) = preSolution
		StartupItem = Assembly-CSharp.csproj
	EndGlobalSection
EndGlobal
