Microsoft Visual Studio Solution File, Format Version 11.00
# Visual Studio 2008

Project("{9188C2A8-990D-21EF-6DB3-76DECEE91A75}") = "Effinbox", "Assembly-CSharp-firstpass.csproj", "{3A8A5ED0-F945-FCED-6D16-89D5768C5780}"
EndProject
Project("{9188C2A8-990D-21EF-6DB3-76DECEE91A75}") = "Effinbox", "Assembly-CSharp.csproj", "{E49BFCE9-7254-8E09-1BE0-132F862E7C10}"
EndProject
Project("{9188C2A8-990D-21EF-6DB3-76DECEE91A75}") = "Effinbox", "Assembly-CSharp-Editor.csproj", "{190F821E-B203-50FF-92EC-E2C973D24BBF}"
EndProject
Global
	GlobalSection(SolutionConfigurationPlatforms) = preSolution
		Debug|Any CPU = Debug|Any CPU
		Release|Any CPU = Release|Any CPU
	EndGlobalSection
	GlobalSection(ProjectConfigurationPlatforms) = postSolution
		{3A8A5ED0-F945-FCED-6D16-89D5768C5780}.Debug|Any CPU.ActiveCfg = Debug|Any CPU
		{3A8A5ED0-F945-FCED-6D16-89D5768C5780}.Debug|Any CPU.Build.0 = Debug|Any CPU
		{3A8A5ED0-F945-FCED-6D16-89D5768C5780}.Release|Any CPU.ActiveCfg = Release|Any CPU
		{3A8A5ED0-F945-FCED-6D16-89D5768C5780}.Release|Any CPU.Build.0 = Release|Any CPU
		{E49BFCE9-7254-8E09-1BE0-132F862E7C10}.Debug|Any CPU.ActiveCfg = Debug|Any CPU
		{E49BFCE9-7254-8E09-1BE0-132F862E7C10}.Debug|Any CPU.Build.0 = Debug|Any CPU
		{E49BFCE9-7254-8E09-1BE0-132F862E7C10}.Release|Any CPU.ActiveCfg = Release|Any CPU
		{E49BFCE9-7254-8E09-1BE0-132F862E7C10}.Release|Any CPU.Build.0 = Release|Any CPU
		{190F821E-B203-50FF-92EC-E2C973D24BBF}.Debug|Any CPU.ActiveCfg = Debug|Any CPU
		{190F821E-B203-50FF-92EC-E2C973D24BBF}.Debug|Any CPU.Build.0 = Debug|Any CPU
		{190F821E-B203-50FF-92EC-E2C973D24BBF}.Release|Any CPU.ActiveCfg = Release|Any CPU
		{190F821E-B203-50FF-92EC-E2C973D24BBF}.Release|Any CPU.Build.0 = Release|Any CPU
	EndGlobalSection
	GlobalSection(SolutionProperties) = preSolution
		HideSolutionNode = FALSE
	EndGlobalSection
	GlobalSection(MonoDevelopProperties) = preSolution
		StartupItem = Assembly-CSharp.csproj
	EndGlobalSection
EndGlobal
